
Microsoft Visual Studio Solution File, Format Version 12.00
# Visual Studio 14
VisualStudioVersion = 14.0.25420.1
MinimumVisualStudioVersion = 10.0.40219.1
Project("{FAE04EC0-301F-11D3-BF4B-00C04F79EFBC}") = "WcfCalculationLib", "WcfCalculationLib\WcfCalculationLib.csproj", "{7D5FAE8E-07E8-4A17-BBF0-C70EC66D38DE}"
EndProject
Project("{FAE04EC0-301F-11D3-BF4B-00C04F79EFBC}") = "Graphics", "Graphics\Graphics.csproj", "{C8376D3F-9BCD-4A22-AE1F-2BD399EA2F79}"
EndProject
Project("{FAE04EC0-301F-11D3-BF4B-00C04F79EFBC}") = "Lib_Thermo", "Lib_Thermo\Lib_Thermo.csproj", "{8B92BA29-E190-44EE-AF99-FE437BA42E44}"
EndProject
Global
	GlobalSection(SolutionConfigurationPlatforms) = preSolution
		Debug|Any CPU = Debug|Any CPU
		Release|Any CPU = Release|Any CPU
	EndGlobalSection
	GlobalSection(ProjectConfigurationPlatforms) = postSolution
		{7D5FAE8E-07E8-4A17-BBF0-C70EC66D38DE}.Debug|Any CPU.ActiveCfg = Debug|Any CPU
		{7D5FAE8E-07E8-4A17-BBF0-C70EC66D38DE}.Debug|Any CPU.Build.0 = Debug|Any CPU
		{7D5FAE8E-07E8-4A17-BBF0-C70EC66D38DE}.Release|Any CPU.ActiveCfg = Release|Any CPU
		{7D5FAE8E-07E8-4A17-BBF0-C70EC66D38DE}.Release|Any CPU.Build.0 = Release|Any CPU
		{C8376D3F-9BCD-4A22-AE1F-2BD399EA2F79}.Debug|Any CPU.ActiveCfg = Debug|Any CPU
		{C8376D3F-9BCD-4A22-AE1F-2BD399EA2F79}.Debug|Any CPU.Build.0 = Debug|Any CPU
		{C8376D3F-9BCD-4A22-AE1F-2BD399EA2F79}.Release|Any CPU.ActiveCfg = Release|Any CPU
		{C8376D3F-9BCD-4A22-AE1F-2BD399EA2F79}.Release|Any CPU.Build.0 = Release|Any CPU
		{8B92BA29-E190-44EE-AF99-FE437BA42E44}.Debug|Any CPU.ActiveCfg = Debug|Any CPU
		{8B92BA29-E190-44EE-AF99-FE437BA42E44}.Debug|Any CPU.Build.0 = Debug|Any CPU
		{8B92BA29-E190-44EE-AF99-FE437BA42E44}.Release|Any CPU.ActiveCfg = Release|Any CPU
		{8B92BA29-E190-44EE-AF99-FE437BA42E44}.Release|Any CPU.Build.0 = Release|Any CPU
	EndGlobalSection
	GlobalSection(SolutionProperties) = preSolution
		HideSolutionNode = FALSE
	EndGlobalSection
EndGlobal
